// !$*UTF8*$!
{
	archiveVersion = 1;
	classes = {
	};
	objectVersion = 77;
	objects = {

/* Begin PBXBuildFile section */
		DE48B6AA2E7E6128009A676E /* BackgroundTime.framework in Frameworks */ = {isa = PBXBuildFile; fileRef = DE48B69E2E7E6128009A676E /* BackgroundTime.framework */; };
		DE48B6E62E7E615D009A676E /* BackgroundTime.framework in Frameworks */ = {isa = PBXBuildFile; fileRef = DE48B69E2E7E6128009A676E /* BackgroundTime.framework */; };
		DE48B6E72E7E615D009A676E /* BackgroundTime.framework in Embed Frameworks */ = {isa = PBXBuildFile; fileRef = DE48B69E2E7E6128009A676E /* BackgroundTime.framework */; settings = {ATTRIBUTES = (CodeSignOnCopy, RemoveHeadersOnCopy, ); }; };
/* End PBXBuildFile section */

/* Begin PBXContainerItemProxy section */
		DE48B6AB2E7E6128009A676E /* PBXContainerItemProxy */ = {
			isa = PBXContainerItemProxy;
			containerPortal = DE48B6952E7E6128009A676E /* Project object */;
			proxyType = 1;
			remoteGlobalIDString = DE48B69D2E7E6128009A676E;
			remoteInfo = BackgroundTime;
		};
		DE48B6CB2E7E614A009A676E /* PBXContainerItemProxy */ = {
			isa = PBXContainerItemProxy;
			containerPortal = DE48B6952E7E6128009A676E /* Project object */;
			proxyType = 1;
			remoteGlobalIDString = DE48B6BB2E7E6148009A676E;
			remoteInfo = BackgroundTimeExample;
		};
		DE48B6D52E7E614A009A676E /* PBXContainerItemProxy */ = {
			isa = PBXContainerItemProxy;
			containerPortal = DE48B6952E7E6128009A676E /* Project object */;
			proxyType = 1;
			remoteGlobalIDString = DE48B6BB2E7E6148009A676E;
			remoteInfo = BackgroundTimeExample;
		};
		DE48B6E82E7E615D009A676E /* PBXContainerItemProxy */ = {
			isa = PBXContainerItemProxy;
			containerPortal = DE48B6952E7E6128009A676E /* Project object */;
			proxyType = 1;
			remoteGlobalIDString = DE48B69D2E7E6128009A676E;
			remoteInfo = BackgroundTime;
		};
/* End PBXContainerItemProxy section */

/* Begin PBXCopyFilesBuildPhase section */
		DE48B6EA2E7E615D009A676E /* Embed Frameworks */ = {
			isa = PBXCopyFilesBuildPhase;
			buildActionMask = 2147483647;
			dstPath = "";
			dstSubfolderSpec = 10;
			files = (
				DE48B6E72E7E615D009A676E /* BackgroundTime.framework in Embed Frameworks */,
			);
			name = "Embed Frameworks";
			runOnlyForDeploymentPostprocessing = 0;
		};
/* End PBXCopyFilesBuildPhase section */

/* Begin PBXFileReference section */
		DE48B69E2E7E6128009A676E /* BackgroundTime.framework */ = {isa = PBXFileReference; explicitFileType = wrapper.framework; includeInIndex = 0; path = BackgroundTime.framework; sourceTree = BUILT_PRODUCTS_DIR; };
		DE48B6A92E7E6128009A676E /* BackgroundTimeTests.xctest */ = {isa = PBXFileReference; explicitFileType = wrapper.cfbundle; includeInIndex = 0; path = BackgroundTimeTests.xctest; sourceTree = BUILT_PRODUCTS_DIR; };
		DE48B6BC2E7E6148009A676E /* BackgroundTimeExample.app */ = {isa = PBXFileReference; explicitFileType = wrapper.application; includeInIndex = 0; path = BackgroundTimeExample.app; sourceTree = BUILT_PRODUCTS_DIR; };
		DE48B6CA2E7E614A009A676E /* BackgroundTimeExampleTests.xctest */ = {isa = PBXFileReference; explicitFileType = wrapper.cfbundle; includeInIndex = 0; path = BackgroundTimeExampleTests.xctest; sourceTree = BUILT_PRODUCTS_DIR; };
		DE48B6D42E7E614A009A676E /* BackgroundTimeExampleUITests.xctest */ = {isa = PBXFileReference; explicitFileType = wrapper.cfbundle; includeInIndex = 0; path = BackgroundTimeExampleUITests.xctest; sourceTree = BUILT_PRODUCTS_DIR; };
		DE48B70E2E7E67B3009A676E /* UIKit.framework */ = {isa = PBXFileReference; lastKnownFileType = wrapper.framework; name = UIKit.framework; path = Platforms/iPhoneOS.platform/Developer/SDKs/iPhoneOS26.0.sdk/System/Library/Frameworks/UIKit.framework; sourceTree = DEVELOPER_DIR; };
		DE48B7102E7E67B8009A676E /* BackgroundTasks.framework */ = {isa = PBXFileReference; lastKnownFileType = wrapper.framework; name = BackgroundTasks.framework; path = Platforms/iPhoneOS.platform/Developer/SDKs/iPhoneOS26.0.sdk/System/Library/Frameworks/BackgroundTasks.framework; sourceTree = DEVELOPER_DIR; };
/* End PBXFileReference section */

/* Begin PBXFileSystemSynchronizedBuildFileExceptionSet section */
		DE9C66942E7F86D6004FC608 /* Exceptions for "BackgroundTime" folder in "BackgroundTime" target */ = {
			isa = PBXFileSystemSynchronizedBuildFileExceptionSet;
			membershipExceptions = (
				BackgroundTime.docc,
			);
			target = DE48B69D2E7E6128009A676E /* BackgroundTime */;
		};
/* End PBXFileSystemSynchronizedBuildFileExceptionSet section */

/* Begin PBXFileSystemSynchronizedRootGroup section */
		DE48B6A02E7E6128009A676E /* BackgroundTime */ = {
			isa = PBXFileSystemSynchronizedRootGroup;
			exceptions = (
				DE9C66942E7F86D6004FC608 /* Exceptions for "BackgroundTime" folder in "BackgroundTime" target */,
			);
			path = BackgroundTime;
			sourceTree = "<group>";
		};
		DE48B6AD2E7E6128009A676E /* BackgroundTimeTests */ = {
			isa = PBXFileSystemSynchronizedRootGroup;
			path = BackgroundTimeTests;
			sourceTree = "<group>";
		};
		DE48B6BD2E7E6148009A676E /* BackgroundTimeExample */ = {
			isa = PBXFileSystemSynchronizedRootGroup;
			path = BackgroundTimeExample;
			sourceTree = "<group>";
		};
		DE48B6CD2E7E614A009A676E /* BackgroundTimeExampleTests */ = {
			isa = PBXFileSystemSynchronizedRootGroup;
			path = BackgroundTimeExampleTests;
			sourceTree = "<group>";
		};
		DE48B6D72E7E614A009A676E /* BackgroundTimeExampleUITests */ = {
			isa = PBXFileSystemSynchronizedRootGroup;
			path = BackgroundTimeExampleUITests;
			sourceTree = "<group>";
		};
/* End PBXFileSystemSynchronizedRootGroup section */

/* Begin PBXFrameworksBuildPhase section */
		DE48B69B2E7E6128009A676E /* Frameworks */ = {
			isa = PBXFrameworksBuildPhase;
			buildActionMask = 2147483647;
			files = (
			);
			runOnlyForDeploymentPostprocessing = 0;
		};
		DE48B6A62E7E6128009A676E /* Frameworks */ = {
			isa = PBXFrameworksBuildPhase;
			buildActionMask = 2147483647;
			files = (
				DE48B6AA2E7E6128009A676E /* BackgroundTime.framework in Frameworks */,
			);
			runOnlyForDeploymentPostprocessing = 0;
		};
		DE48B6B92E7E6148009A676E /* Frameworks */ = {
			isa = PBXFrameworksBuildPhase;
			buildActionMask = 2147483647;
			files = (
				DE48B6E62E7E615D009A676E /* BackgroundTime.framework in Frameworks */,
			);
			runOnlyForDeploymentPostprocessing = 0;
		};
		DE48B6C72E7E614A009A676E /* Frameworks */ = {
			isa = PBXFrameworksBuildPhase;
			buildActionMask = 2147483647;
			files = (
			);
			runOnlyForDeploymentPostprocessing = 0;
		};
		DE48B6D12E7E614A009A676E /* Frameworks */ = {
			isa = PBXFrameworksBuildPhase;
			buildActionMask = 2147483647;
			files = (
			);
			runOnlyForDeploymentPostprocessing = 0;
		};
/* End PBXFrameworksBuildPhase section */

/* Begin PBXGroup section */
		DE48B6942E7E6128009A676E = {
			isa = PBXGroup;
			children = (
				DE48B6A02E7E6128009A676E /* BackgroundTime */,
				DE48B6AD2E7E6128009A676E /* BackgroundTimeTests */,
				DE48B6BD2E7E6148009A676E /* BackgroundTimeExample */,
				DE48B6CD2E7E614A009A676E /* BackgroundTimeExampleTests */,
				DE48B6D72E7E614A009A676E /* BackgroundTimeExampleUITests */,
				DE48B6E52E7E615D009A676E /* Frameworks */,
				DE48B69F2E7E6128009A676E /* Products */,
			);
			sourceTree = "<group>";
		};
		DE48B69F2E7E6128009A676E /* Products */ = {
			isa = PBXGroup;
			children = (
				DE48B69E2E7E6128009A676E /* BackgroundTime.framework */,
				DE48B6A92E7E6128009A676E /* BackgroundTimeTests.xctest */,
				DE48B6BC2E7E6148009A676E /* BackgroundTimeExample.app */,
				DE48B6CA2E7E614A009A676E /* BackgroundTimeExampleTests.xctest */,
				DE48B6D42E7E614A009A676E /* BackgroundTimeExampleUITests.xctest */,
			);
			name = Products;
			sourceTree = "<group>";
		};
		DE48B6E52E7E615D009A676E /* Frameworks */ = {
			isa = PBXGroup;
			children = (
				DE48B7102E7E67B8009A676E /* BackgroundTasks.framework */,
				DE48B70E2E7E67B3009A676E /* UIKit.framework */,
			);
			name = Frameworks;
			sourceTree = "<group>";
		};
/* End PBXGroup section */

/* Begin PBXHeadersBuildPhase section */
		DE48B6992E7E6128009A676E /* Headers */ = {
			isa = PBXHeadersBuildPhase;
			buildActionMask = 2147483647;
			files = (
			);
			runOnlyForDeploymentPostprocessing = 0;
		};
/* End PBXHeadersBuildPhase section */

/* Begin PBXNativeTarget section */
		DE48B69D2E7E6128009A676E /* BackgroundTime */ = {
			isa = PBXNativeTarget;
			buildConfigurationList = DE48B6B22E7E6128009A676E /* Build configuration list for PBXNativeTarget "BackgroundTime" */;
			buildPhases = (
				DE48B6992E7E6128009A676E /* Headers */,
				DE48B69A2E7E6128009A676E /* Sources */,
				DE48B69B2E7E6128009A676E /* Frameworks */,
				DE48B69C2E7E6128009A676E /* Resources */,
			);
			buildRules = (
			);
			dependencies = (
			);
			fileSystemSynchronizedGroups = (
				DE48B6A02E7E6128009A676E /* BackgroundTime */,
			);
			name = BackgroundTime;
			packageProductDependencies = (
			);
			productName = BackgroundTime;
			productReference = DE48B69E2E7E6128009A676E /* BackgroundTime.framework */;
			productType = "com.apple.product-type.framework";
		};
		DE48B6A82E7E6128009A676E /* BackgroundTimeTests */ = {
			isa = PBXNativeTarget;
			buildConfigurationList = DE48B6B52E7E6128009A676E /* Build configuration list for PBXNativeTarget "BackgroundTimeTests" */;
			buildPhases = (
				DE48B6A52E7E6128009A676E /* Sources */,
				DE48B6A62E7E6128009A676E /* Frameworks */,
				DE48B6A72E7E6128009A676E /* Resources */,
			);
			buildRules = (
			);
			dependencies = (
				DE48B6AC2E7E6128009A676E /* PBXTargetDependency */,
			);
			fileSystemSynchronizedGroups = (
				DE48B6AD2E7E6128009A676E /* BackgroundTimeTests */,
			);
			name = BackgroundTimeTests;
			packageProductDependencies = (
			);
			productName = BackgroundTimeTests;
			productReference = DE48B6A92E7E6128009A676E /* BackgroundTimeTests.xctest */;
			productType = "com.apple.product-type.bundle.unit-test";
		};
		DE48B6BB2E7E6148009A676E /* BackgroundTimeExample */ = {
			isa = PBXNativeTarget;
			buildConfigurationList = DE48B6DC2E7E614A009A676E /* Build configuration list for PBXNativeTarget "BackgroundTimeExample" */;
			buildPhases = (
				DE48B6B82E7E6148009A676E /* Sources */,
				DE48B6B92E7E6148009A676E /* Frameworks */,
				DE48B6BA2E7E6148009A676E /* Resources */,
				DE48B6EA2E7E615D009A676E /* Embed Frameworks */,
			);
			buildRules = (
			);
			dependencies = (
				DE48B6E92E7E615D009A676E /* PBXTargetDependency */,
			);
			fileSystemSynchronizedGroups = (
				DE48B6BD2E7E6148009A676E /* BackgroundTimeExample */,
			);
			name = BackgroundTimeExample;
			packageProductDependencies = (
			);
			productName = BackgroundTimeExample;
			productReference = DE48B6BC2E7E6148009A676E /* BackgroundTimeExample.app */;
			productType = "com.apple.product-type.application";
		};
		DE48B6C92E7E614A009A676E /* BackgroundTimeExampleTests */ = {
			isa = PBXNativeTarget;
			buildConfigurationList = DE48B6DF2E7E614A009A676E /* Build configuration list for PBXNativeTarget "BackgroundTimeExampleTests" */;
			buildPhases = (
				DE48B6C62E7E614A009A676E /* Sources */,
				DE48B6C72E7E614A009A676E /* Frameworks */,
				DE48B6C82E7E614A009A676E /* Resources */,
			);
			buildRules = (
			);
			dependencies = (
				DE48B6CC2E7E614A009A676E /* PBXTargetDependency */,
			);
			fileSystemSynchronizedGroups = (
				DE48B6CD2E7E614A009A676E /* BackgroundTimeExampleTests */,
			);
			name = BackgroundTimeExampleTests;
			packageProductDependencies = (
			);
			productName = BackgroundTimeExampleTests;
			productReference = DE48B6CA2E7E614A009A676E /* BackgroundTimeExampleTests.xctest */;
			productType = "com.apple.product-type.bundle.unit-test";
		};
		DE48B6D32E7E614A009A676E /* BackgroundTimeExampleUITests */ = {
			isa = PBXNativeTarget;
			buildConfigurationList = DE48B6E22E7E614A009A676E /* Build configuration list for PBXNativeTarget "BackgroundTimeExampleUITests" */;
			buildPhases = (
				DE48B6D02E7E614A009A676E /* Sources */,
				DE48B6D12E7E614A009A676E /* Frameworks */,
				DE48B6D22E7E614A009A676E /* Resources */,
			);
			buildRules = (
			);
			dependencies = (
				DE48B6D62E7E614A009A676E /* PBXTargetDependency */,
			);
			fileSystemSynchronizedGroups = (
				DE48B6D72E7E614A009A676E /* BackgroundTimeExampleUITests */,
			);
			name = BackgroundTimeExampleUITests;
			packageProductDependencies = (
			);
			productName = BackgroundTimeExampleUITests;
			productReference = DE48B6D42E7E614A009A676E /* BackgroundTimeExampleUITests.xctest */;
			productType = "com.apple.product-type.bundle.ui-testing";
		};
/* End PBXNativeTarget section */

/* Begin PBXProject section */
		DE48B6952E7E6128009A676E /* Project object */ = {
			isa = PBXProject;
			attributes = {
				BuildIndependentTargetsInParallel = 1;
				LastSwiftUpdateCheck = 2600;
				LastUpgradeCheck = 2600;
				TargetAttributes = {
					DE48B69D2E7E6128009A676E = {
						CreatedOnToolsVersion = 26.0;
					};
					DE48B6A82E7E6128009A676E = {
						CreatedOnToolsVersion = 26.0;
					};
					DE48B6BB2E7E6148009A676E = {
						CreatedOnToolsVersion = 26.0;
					};
					DE48B6C92E7E614A009A676E = {
						CreatedOnToolsVersion = 26.0;
						TestTargetID = DE48B6BB2E7E6148009A676E;
					};
					DE48B6D32E7E614A009A676E = {
						CreatedOnToolsVersion = 26.0;
						TestTargetID = DE48B6BB2E7E6148009A676E;
					};
				};
			};
			buildConfigurationList = DE48B6982E7E6128009A676E /* Build configuration list for PBXProject "BackgroundTime" */;
			developmentRegion = en;
			hasScannedForEncodings = 0;
			knownRegions = (
				en,
				Base,
			);
			mainGroup = DE48B6942E7E6128009A676E;
			minimizedProjectReferenceProxies = 1;
			preferredProjectObjectVersion = 77;
			productRefGroup = DE48B69F2E7E6128009A676E /* Products */;
			projectDirPath = "";
			projectRoot = "";
			targets = (
				DE48B69D2E7E6128009A676E /* BackgroundTime */,
				DE48B6A82E7E6128009A676E /* BackgroundTimeTests */,
				DE48B6BB2E7E6148009A676E /* BackgroundTimeExample */,
				DE48B6C92E7E614A009A676E /* BackgroundTimeExampleTests */,
				DE48B6D32E7E614A009A676E /* BackgroundTimeExampleUITests */,
			);
		};
/* End PBXProject section */

/* Begin PBXResourcesBuildPhase section */
		DE48B69C2E7E6128009A676E /* Resources */ = {
			isa = PBXResourcesBuildPhase;
			buildActionMask = 2147483647;
			files = (
			);
			runOnlyForDeploymentPostprocessing = 0;
		};
		DE48B6A72E7E6128009A676E /* Resources */ = {
			isa = PBXResourcesBuildPhase;
			buildActionMask = 2147483647;
			files = (
			);
			runOnlyForDeploymentPostprocessing = 0;
		};
		DE48B6BA2E7E6148009A676E /* Resources */ = {
			isa = PBXResourcesBuildPhase;
			buildActionMask = 2147483647;
			files = (
			);
			runOnlyForDeploymentPostprocessing = 0;
		};
		DE48B6C82E7E614A009A676E /* Resources */ = {
			isa = PBXResourcesBuildPhase;
			buildActionMask = 2147483647;
			files = (
			);
			runOnlyForDeploymentPostprocessing = 0;
		};
		DE48B6D22E7E614A009A676E /* Resources */ = {
			isa = PBXResourcesBuildPhase;
			buildActionMask = 2147483647;
			files = (
			);
			runOnlyForDeploymentPostprocessing = 0;
		};
/* End PBXResourcesBuildPhase section */

/* Begin PBXSourcesBuildPhase section */
		DE48B69A2E7E6128009A676E /* Sources */ = {
			isa = PBXSourcesBuildPhase;
			buildActionMask = 2147483647;
			files = (
			);
			runOnlyForDeploymentPostprocessing = 0;
		};
		DE48B6A52E7E6128009A676E /* Sources */ = {
			isa = PBXSourcesBuildPhase;
			buildActionMask = 2147483647;
			files = (
			);
			runOnlyForDeploymentPostprocessing = 0;
		};
		DE48B6B82E7E6148009A676E /* Sources */ = {
			isa = PBXSourcesBuildPhase;
			buildActionMask = 2147483647;
			files = (
			);
			runOnlyForDeploymentPostprocessing = 0;
		};
		DE48B6C62E7E614A009A676E /* Sources */ = {
			isa = PBXSourcesBuildPhase;
			buildActionMask = 2147483647;
			files = (
			);
			runOnlyForDeploymentPostprocessing = 0;
		};
		DE48B6D02E7E614A009A676E /* Sources */ = {
			isa = PBXSourcesBuildPhase;
			buildActionMask = 2147483647;
			files = (
			);
			runOnlyForDeploymentPostprocessing = 0;
		};
/* End PBXSourcesBuildPhase section */

/* Begin PBXTargetDependency section */
		DE48B6AC2E7E6128009A676E /* PBXTargetDependency */ = {
			isa = PBXTargetDependency;
			target = DE48B69D2E7E6128009A676E /* BackgroundTime */;
			targetProxy = DE48B6AB2E7E6128009A676E /* PBXContainerItemProxy */;
		};
		DE48B6CC2E7E614A009A676E /* PBXTargetDependency */ = {
			isa = PBXTargetDependency;
			target = DE48B6BB2E7E6148009A676E /* BackgroundTimeExample */;
			targetProxy = DE48B6CB2E7E614A009A676E /* PBXContainerItemProxy */;
		};
		DE48B6D62E7E614A009A676E /* PBXTargetDependency */ = {
			isa = PBXTargetDependency;
			target = DE48B6BB2E7E6148009A676E /* BackgroundTimeExample */;
			targetProxy = DE48B6D52E7E614A009A676E /* PBXContainerItemProxy */;
		};
		DE48B6E92E7E615D009A676E /* PBXTargetDependency */ = {
			isa = PBXTargetDependency;
			target = DE48B69D2E7E6128009A676E /* BackgroundTime */;
			targetProxy = DE48B6E82E7E615D009A676E /* PBXContainerItemProxy */;
		};
/* End PBXTargetDependency section */

/* Begin XCBuildConfiguration section */
		DE48B6B02E7E6128009A676E /* Debug */ = {
			isa = XCBuildConfiguration;
			buildSettings = {
				ALWAYS_SEARCH_USER_PATHS = NO;
				ASSETCATALOG_COMPILER_GENERATE_SWIFT_ASSET_SYMBOL_EXTENSIONS = YES;
				CLANG_ANALYZER_NONNULL = YES;
				CLANG_ANALYZER_NUMBER_OBJECT_CONVERSION = YES_AGGRESSIVE;
				CLANG_CXX_LANGUAGE_STANDARD = "gnu++20";
				CLANG_ENABLE_MODULES = YES;
				CLANG_ENABLE_OBJC_ARC = YES;
				CLANG_ENABLE_OBJC_WEAK = YES;
				CLANG_WARN_BLOCK_CAPTURE_AUTORELEASING = YES;
				CLANG_WARN_BOOL_CONVERSION = YES;
				CLANG_WARN_COMMA = YES;
				CLANG_WARN_CONSTANT_CONVERSION = YES;
				CLANG_WARN_DEPRECATED_OBJC_IMPLEMENTATIONS = YES;
				CLANG_WARN_DIRECT_OBJC_ISA_USAGE = YES_ERROR;
				CLANG_WARN_DOCUMENTATION_COMMENTS = YES;
				CLANG_WARN_EMPTY_BODY = YES;
				CLANG_WARN_ENUM_CONVERSION = YES;
				CLANG_WARN_INFINITE_RECURSION = YES;
				CLANG_WARN_INT_CONVERSION = YES;
				CLANG_WARN_NON_LITERAL_NULL_CONVERSION = YES;
				CLANG_WARN_OBJC_IMPLICIT_RETAIN_SELF = YES;
				CLANG_WARN_OBJC_LITERAL_CONVERSION = YES;
				CLANG_WARN_OBJC_ROOT_CLASS = YES_ERROR;
				CLANG_WARN_QUOTED_INCLUDE_IN_FRAMEWORK_HEADER = YES;
				CLANG_WARN_RANGE_LOOP_ANALYSIS = YES;
				CLANG_WARN_STRICT_PROTOTYPES = YES;
				CLANG_WARN_SUSPICIOUS_MOVE = YES;
				CLANG_WARN_UNGUARDED_AVAILABILITY = YES_AGGRESSIVE;
				CLANG_WARN_UNREACHABLE_CODE = YES;
				CLANG_WARN__DUPLICATE_METHOD_MATCH = YES;
				COPY_PHASE_STRIP = NO;
				CURRENT_PROJECT_VERSION = 1;
				DEBUG_INFORMATION_FORMAT = dwarf;
				DEVELOPMENT_TEAM = S6WS4PD5A7;
				ENABLE_STRICT_OBJC_MSGSEND = YES;
				ENABLE_TESTABILITY = YES;
				ENABLE_USER_SCRIPT_SANDBOXING = YES;
				GCC_C_LANGUAGE_STANDARD = gnu17;
				GCC_DYNAMIC_NO_PIC = NO;
				GCC_NO_COMMON_BLOCKS = YES;
				GCC_OPTIMIZATION_LEVEL = 0;
				GCC_PREPROCESSOR_DEFINITIONS = (
					"DEBUG=1",
					"$(inherited)",
				);
				GCC_WARN_64_TO_32_BIT_CONVERSION = YES;
				GCC_WARN_ABOUT_RETURN_TYPE = YES_ERROR;
				GCC_WARN_UNDECLARED_SELECTOR = YES;
				GCC_WARN_UNINITIALIZED_AUTOS = YES_AGGRESSIVE;
				GCC_WARN_UNUSED_FUNCTION = YES;
				GCC_WARN_UNUSED_VARIABLE = YES;
				LOCALIZATION_PREFERS_STRING_CATALOGS = YES;
				MTL_ENABLE_DEBUG_INFO = INCLUDE_SOURCE;
				MTL_FAST_MATH = YES;
				ONLY_ACTIVE_ARCH = YES;
				SWIFT_ACTIVE_COMPILATION_CONDITIONS = "DEBUG $(inherited)";
				SWIFT_OPTIMIZATION_LEVEL = "-Onone";
				VERSIONING_SYSTEM = "apple-generic";
				VERSION_INFO_PREFIX = "";
			};
			name = Debug;
		};
		DE48B6B12E7E6128009A676E /* Release */ = {
			isa = XCBuildConfiguration;
			buildSettings = {
				ALWAYS_SEARCH_USER_PATHS = NO;
				ASSETCATALOG_COMPILER_GENERATE_SWIFT_ASSET_SYMBOL_EXTENSIONS = YES;
				CLANG_ANALYZER_NONNULL = YES;
				CLANG_ANALYZER_NUMBER_OBJECT_CONVERSION = YES_AGGRESSIVE;
				CLANG_CXX_LANGUAGE_STANDARD = "gnu++20";
				CLANG_ENABLE_MODULES = YES;
				CLANG_ENABLE_OBJC_ARC = YES;
				CLANG_ENABLE_OBJC_WEAK = YES;
				CLANG_WARN_BLOCK_CAPTURE_AUTORELEASING = YES;
				CLANG_WARN_BOOL_CONVERSION = YES;
				CLANG_WARN_COMMA = YES;
				CLANG_WARN_CONSTANT_CONVERSION = YES;
				CLANG_WARN_DEPRECATED_OBJC_IMPLEMENTATIONS = YES;
				CLANG_WARN_DIRECT_OBJC_ISA_USAGE = YES_ERROR;
				CLANG_WARN_DOCUMENTATION_COMMENTS = YES;
				CLANG_WARN_EMPTY_BODY = YES;
				CLANG_WARN_ENUM_CONVERSION = YES;
				CLANG_WARN_INFINITE_RECURSION = YES;
				CLANG_WARN_INT_CONVERSION = YES;
				CLANG_WARN_NON_LITERAL_NULL_CONVERSION = YES;
				CLANG_WARN_OBJC_IMPLICIT_RETAIN_SELF = YES;
				CLANG_WARN_OBJC_LITERAL_CONVERSION = YES;
				CLANG_WARN_OBJC_ROOT_CLASS = YES_ERROR;
				CLANG_WARN_QUOTED_INCLUDE_IN_FRAMEWORK_HEADER = YES;
				CLANG_WARN_RANGE_LOOP_ANALYSIS = YES;
				CLANG_WARN_STRICT_PROTOTYPES = YES;
				CLANG_WARN_SUSPICIOUS_MOVE = YES;
				CLANG_WARN_UNGUARDED_AVAILABILITY = YES_AGGRESSIVE;
				CLANG_WARN_UNREACHABLE_CODE = YES;
				CLANG_WARN__DUPLICATE_METHOD_MATCH = YES;
				COPY_PHASE_STRIP = NO;
				CURRENT_PROJECT_VERSION = 1;
				DEBUG_INFORMATION_FORMAT = "dwarf-with-dsym";
				DEVELOPMENT_TEAM = S6WS4PD5A7;
				ENABLE_NS_ASSERTIONS = NO;
				ENABLE_STRICT_OBJC_MSGSEND = YES;
				ENABLE_USER_SCRIPT_SANDBOXING = YES;
				GCC_C_LANGUAGE_STANDARD = gnu17;
				GCC_NO_COMMON_BLOCKS = YES;
				GCC_WARN_64_TO_32_BIT_CONVERSION = YES;
				GCC_WARN_ABOUT_RETURN_TYPE = YES_ERROR;
				GCC_WARN_UNDECLARED_SELECTOR = YES;
				GCC_WARN_UNINITIALIZED_AUTOS = YES_AGGRESSIVE;
				GCC_WARN_UNUSED_FUNCTION = YES;
				GCC_WARN_UNUSED_VARIABLE = YES;
				LOCALIZATION_PREFERS_STRING_CATALOGS = YES;
				MTL_ENABLE_DEBUG_INFO = NO;
				MTL_FAST_MATH = YES;
				SWIFT_COMPILATION_MODE = wholemodule;
				VERSIONING_SYSTEM = "apple-generic";
				VERSION_INFO_PREFIX = "";
			};
			name = Release;
		};
		DE48B6B32E7E6128009A676E /* Debug */ = {
			isa = XCBuildConfiguration;
			buildSettings = {
				ALLOW_TARGET_PLATFORM_SPECIALIZATION = YES;
				CODE_SIGN_STYLE = Automatic;
				CURRENT_PROJECT_VERSION = 1;
				DEVELOPMENT_TEAM = S6WS4PD5A7;
				DYLIB_COMPATIBILITY_VERSION = 1;
				DYLIB_CURRENT_VERSION = 1;
				DYLIB_INSTALL_NAME_BASE = "@rpath";
				ENABLE_MODULE_VERIFIER = YES;
				GENERATE_INFOPLIST_FILE = YES;
				INFOPLIST_KEY_NSHumanReadableCopyright = "";
				INSTALL_PATH = "$(LOCAL_LIBRARY_DIR)/Frameworks";
				IPHONEOS_DEPLOYMENT_TARGET = 26.0;
				LD_RUNPATH_SEARCH_PATHS = (
					"@executable_path/Frameworks",
					"@loader_path/Frameworks",
				);
				"LD_RUNPATH_SEARCH_PATHS[sdk=macosx*]" = (
					"@executable_path/../Frameworks",
					"@loader_path/Frameworks",
				);
				MACOSX_DEPLOYMENT_TARGET = 26.0;
				MARKETING_VERSION = 1.0;
				MODULE_VERIFIER_SUPPORTED_LANGUAGES = "objective-c objective-c++";
				MODULE_VERIFIER_SUPPORTED_LANGUAGE_STANDARDS = "gnu17 gnu++20";
				PRODUCT_BUNDLE_IDENTIFIER = com.ssathy2.BackgroundTime;
				PRODUCT_NAME = "$(TARGET_NAME:c99extidentifier)";
				SDKROOT = auto;
				SKIP_INSTALL = YES;
				STRING_CATALOG_GENERATE_SYMBOLS = YES;
				SUPPORTED_PLATFORMS = "iphoneos iphonesimulator macosx xros xrsimulator";
				SWIFT_APPROACHABLE_CONCURRENCY = YES;
				SWIFT_EMIT_LOC_STRINGS = YES;
				SWIFT_INSTALL_MODULE = YES;
				SWIFT_INSTALL_OBJC_HEADER = NO;
				SWIFT_UPCOMING_FEATURE_MEMBER_IMPORT_VISIBILITY = YES;
				SWIFT_VERSION = 5.0;
				TARGETED_DEVICE_FAMILY = "1,2,7";
				XROS_DEPLOYMENT_TARGET = 26.0;
			};
			name = Debug;
		};
		DE48B6B42E7E6128009A676E /* Release */ = {
			isa = XCBuildConfiguration;
			buildSettings = {
				ALLOW_TARGET_PLATFORM_SPECIALIZATION = YES;
				CODE_SIGN_STYLE = Automatic;
				CURRENT_PROJECT_VERSION = 1;
				DEVELOPMENT_TEAM = S6WS4PD5A7;
				DYLIB_COMPATIBILITY_VERSION = 1;
				DYLIB_CURRENT_VERSION = 1;
				DYLIB_INSTALL_NAME_BASE = "@rpath";
				ENABLE_MODULE_VERIFIER = YES;
				GENERATE_INFOPLIST_FILE = YES;
				INFOPLIST_KEY_NSHumanReadableCopyright = "";
				INSTALL_PATH = "$(LOCAL_LIBRARY_DIR)/Frameworks";
				IPHONEOS_DEPLOYMENT_TARGET = 26.0;
				LD_RUNPATH_SEARCH_PATHS = (
					"@executable_path/Frameworks",
					"@loader_path/Frameworks",
				);
				"LD_RUNPATH_SEARCH_PATHS[sdk=macosx*]" = (
					"@executable_path/../Frameworks",
					"@loader_path/Frameworks",
				);
				MACOSX_DEPLOYMENT_TARGET = 26.0;
				MARKETING_VERSION = 1.0;
				MODULE_VERIFIER_SUPPORTED_LANGUAGES = "objective-c objective-c++";
				MODULE_VERIFIER_SUPPORTED_LANGUAGE_STANDARDS = "gnu17 gnu++20";
				PRODUCT_BUNDLE_IDENTIFIER = com.ssathy2.BackgroundTime;
				PRODUCT_NAME = "$(TARGET_NAME:c99extidentifier)";
				SDKROOT = auto;
				SKIP_INSTALL = YES;
				STRING_CATALOG_GENERATE_SYMBOLS = YES;
				SUPPORTED_PLATFORMS = "iphoneos iphonesimulator macosx xros xrsimulator";
				SWIFT_APPROACHABLE_CONCURRENCY = YES;
				SWIFT_EMIT_LOC_STRINGS = YES;
				SWIFT_INSTALL_MODULE = YES;
				SWIFT_INSTALL_OBJC_HEADER = NO;
				SWIFT_UPCOMING_FEATURE_MEMBER_IMPORT_VISIBILITY = YES;
				SWIFT_VERSION = 5.0;
				TARGETED_DEVICE_FAMILY = "1,2,7";
				XROS_DEPLOYMENT_TARGET = 26.0;
			};
			name = Release;
		};
		DE48B6B62E7E6128009A676E /* Debug */ = {
			isa = XCBuildConfiguration;
			buildSettings = {
				ALLOW_TARGET_PLATFORM_SPECIALIZATION = YES;
				CODE_SIGN_STYLE = Automatic;
				CURRENT_PROJECT_VERSION = 1;
				DEVELOPMENT_TEAM = S6WS4PD5A7;
				GENERATE_INFOPLIST_FILE = YES;
				IPHONEOS_DEPLOYMENT_TARGET = 26.0;
				MACOSX_DEPLOYMENT_TARGET = 26.0;
				MARKETING_VERSION = 1.0;
				PRODUCT_BUNDLE_IDENTIFIER = com.ssathy2.BackgroundTimeTests;
				PRODUCT_NAME = "$(TARGET_NAME)";
				SDKROOT = auto;
				STRING_CATALOG_GENERATE_SYMBOLS = NO;
				SUPPORTED_PLATFORMS = "iphoneos iphonesimulator macosx xros xrsimulator";
				SWIFT_APPROACHABLE_CONCURRENCY = YES;
				SWIFT_EMIT_LOC_STRINGS = NO;
				SWIFT_UPCOMING_FEATURE_MEMBER_IMPORT_VISIBILITY = YES;
				SWIFT_VERSION = 5.0;
				TARGETED_DEVICE_FAMILY = "1,2,7";
				XROS_DEPLOYMENT_TARGET = 26.0;
			};
			name = Debug;
		};
		DE48B6B72E7E6128009A676E /* Release */ = {
			isa = XCBuildConfiguration;
			buildSettings = {
				ALLOW_TARGET_PLATFORM_SPECIALIZATION = YES;
				CODE_SIGN_STYLE = Automatic;
				CURRENT_PROJECT_VERSION = 1;
				DEVELOPMENT_TEAM = S6WS4PD5A7;
				GENERATE_INFOPLIST_FILE = YES;
				IPHONEOS_DEPLOYMENT_TARGET = 26.0;
				MACOSX_DEPLOYMENT_TARGET = 26.0;
				MARKETING_VERSION = 1.0;
				PRODUCT_BUNDLE_IDENTIFIER = com.ssathy2.BackgroundTimeTests;
				PRODUCT_NAME = "$(TARGET_NAME)";
				SDKROOT = auto;
				STRING_CATALOG_GENERATE_SYMBOLS = NO;
				SUPPORTED_PLATFORMS = "iphoneos iphonesimulator macosx xros xrsimulator";
				SWIFT_APPROACHABLE_CONCURRENCY = YES;
				SWIFT_EMIT_LOC_STRINGS = NO;
				SWIFT_UPCOMING_FEATURE_MEMBER_IMPORT_VISIBILITY = YES;
				SWIFT_VERSION = 5.0;
				TARGETED_DEVICE_FAMILY = "1,2,7";
				XROS_DEPLOYMENT_TARGET = 26.0;
			};
			name = Release;
		};
		DE48B6DD2E7E614A009A676E /* Debug */ = {
			isa = XCBuildConfiguration;
			buildSettings = {
				ASSETCATALOG_COMPILER_APPICON_NAME = AppIcon;
				ASSETCATALOG_COMPILER_GLOBAL_ACCENT_COLOR_NAME = AccentColor;
				CODE_SIGN_STYLE = Automatic;
				CURRENT_PROJECT_VERSION = 1;
				DEVELOPMENT_TEAM = S6WS4PD5A7;
				ENABLE_APP_SANDBOX = YES;
				ENABLE_HARDENED_RUNTIME = YES;
				ENABLE_PREVIEWS = YES;
				ENABLE_USER_SELECTED_FILES = readonly;
				GENERATE_INFOPLIST_FILE = YES;
				"INFOPLIST_KEY_UIApplicationSceneManifest_Generation[sdk=iphoneos*]" = YES;
				"INFOPLIST_KEY_UIApplicationSceneManifest_Generation[sdk=iphonesimulator*]" = YES;
				"INFOPLIST_KEY_UIApplicationSupportsIndirectInputEvents[sdk=iphoneos*]" = YES;
				"INFOPLIST_KEY_UIApplicationSupportsIndirectInputEvents[sdk=iphonesimulator*]" = YES;
				"INFOPLIST_KEY_UILaunchScreen_Generation[sdk=iphoneos*]" = YES;
				"INFOPLIST_KEY_UILaunchScreen_Generation[sdk=iphonesimulator*]" = YES;
				"INFOPLIST_KEY_UIStatusBarStyle[sdk=iphoneos*]" = UIStatusBarStyleDefault;
				"INFOPLIST_KEY_UIStatusBarStyle[sdk=iphonesimulator*]" = UIStatusBarStyleDefault;
				INFOPLIST_KEY_UISupportedInterfaceOrientations_iPad = "UIInterfaceOrientationPortrait UIInterfaceOrientationPortraitUpsideDown UIInterfaceOrientationLandscapeLeft UIInterfaceOrientationLandscapeRight";
				INFOPLIST_KEY_UISupportedInterfaceOrientations_iPhone = "UIInterfaceOrientationPortrait UIInterfaceOrientationLandscapeLeft UIInterfaceOrientationLandscapeRight";
				IPHONEOS_DEPLOYMENT_TARGET = 26.0;
				LD_RUNPATH_SEARCH_PATHS = "@executable_path/Frameworks";
				"LD_RUNPATH_SEARCH_PATHS[sdk=macosx*]" = "@executable_path/../Frameworks";
				MACOSX_DEPLOYMENT_TARGET = 26.0;
				MARKETING_VERSION = 1.0;
				PRODUCT_BUNDLE_IDENTIFIER = com.ssathy2.BackgroundTimeExample;
				PRODUCT_NAME = "$(TARGET_NAME)";
				REGISTER_APP_GROUPS = YES;
				SDKROOT = auto;
				STRING_CATALOG_GENERATE_SYMBOLS = YES;
				SUPPORTED_PLATFORMS = "iphoneos iphonesimulator macosx xros xrsimulator";
				SWIFT_APPROACHABLE_CONCURRENCY = YES;
				SWIFT_DEFAULT_ACTOR_ISOLATION = MainActor;
				SWIFT_EMIT_LOC_STRINGS = YES;
				SWIFT_UPCOMING_FEATURE_MEMBER_IMPORT_VISIBILITY = YES;
				SWIFT_VERSION = 5.0;
				TARGETED_DEVICE_FAMILY = "1,2,7";
				XROS_DEPLOYMENT_TARGET = 26.0;
			};
			name = Debug;
		};
		DE48B6DE2E7E614A009A676E /* Release */ = {
			isa = XCBuildConfiguration;
			buildSettings = {
				ASSETCATALOG_COMPILER_APPICON_NAME = AppIcon;
				ASSETCATALOG_COMPILER_GLOBAL_ACCENT_COLOR_NAME = AccentColor;
				CODE_SIGN_STYLE = Automatic;
				CURRENT_PROJECT_VERSION = 1;
				DEVELOPMENT_TEAM = S6WS4PD5A7;
				ENABLE_APP_SANDBOX = YES;
				ENABLE_HARDENED_RUNTIME = YES;
				ENABLE_PREVIEWS = YES;
				ENABLE_USER_SELECTED_FILES = readonly;
				GENERATE_INFOPLIST_FILE = YES;
				"INFOPLIST_KEY_UIApplicationSceneManifest_Generation[sdk=iphoneos*]" = YES;
				"INFOPLIST_KEY_UIApplicationSceneManifest_Generation[sdk=iphonesimulator*]" = YES;
				"INFOPLIST_KEY_UIApplicationSupportsIndirectInputEvents[sdk=iphoneos*]" = YES;
				"INFOPLIST_KEY_UIApplicationSupportsIndirectInputEvents[sdk=iphonesimulator*]" = YES;
				"INFOPLIST_KEY_UILaunchScreen_Generation[sdk=iphoneos*]" = YES;
				"INFOPLIST_KEY_UILaunchScreen_Generation[sdk=iphonesimulator*]" = YES;
				"INFOPLIST_KEY_UIStatusBarStyle[sdk=iphoneos*]" = UIStatusBarStyleDefault;
				"INFOPLIST_KEY_UIStatusBarStyle[sdk=iphonesimulator*]" = UIStatusBarStyleDefault;
				INFOPLIST_KEY_UISupportedInterfaceOrientations_iPad = "UIInterfaceOrientationPortrait UIInterfaceOrientationPortraitUpsideDown UIInterfaceOrientationLandscapeLeft UIInterfaceOrientationLandscapeRight";
				INFOPLIST_KEY_UISupportedInterfaceOrientations_iPhone = "UIInterfaceOrientationPortrait UIInterfaceOrientationLandscapeLeft UIInterfaceOrientationLandscapeRight";
				IPHONEOS_DEPLOYMENT_TARGET = 26.0;
				LD_RUNPATH_SEARCH_PATHS = "@executable_path/Frameworks";
				"LD_RUNPATH_SEARCH_PATHS[sdk=macosx*]" = "@executable_path/../Frameworks";
				MACOSX_DEPLOYMENT_TARGET = 26.0;
				MARKETING_VERSION = 1.0;
				PRODUCT_BUNDLE_IDENTIFIER = com.ssathy2.BackgroundTimeExample;
				PRODUCT_NAME = "$(TARGET_NAME)";
				REGISTER_APP_GROUPS = YES;
				SDKROOT = auto;
				STRING_CATALOG_GENERATE_SYMBOLS = YES;
				SUPPORTED_PLATFORMS = "iphoneos iphonesimulator macosx xros xrsimulator";
				SWIFT_APPROACHABLE_CONCURRENCY = YES;
				SWIFT_DEFAULT_ACTOR_ISOLATION = MainActor;
				SWIFT_EMIT_LOC_STRINGS = YES;
				SWIFT_UPCOMING_FEATURE_MEMBER_IMPORT_VISIBILITY = YES;
				SWIFT_VERSION = 5.0;
				TARGETED_DEVICE_FAMILY = "1,2,7";
				XROS_DEPLOYMENT_TARGET = 26.0;
			};
			name = Release;
		};
		DE48B6E02E7E614A009A676E /* Debug */ = {
			isa = XCBuildConfiguration;
			buildSettings = {
				BUNDLE_LOADER = "$(TEST_HOST)";
				CODE_SIGN_STYLE = Automatic;
				CURRENT_PROJECT_VERSION = 1;
				DEVELOPMENT_TEAM = S6WS4PD5A7;
				GENERATE_INFOPLIST_FILE = YES;
				IPHONEOS_DEPLOYMENT_TARGET = 26.0;
				MACOSX_DEPLOYMENT_TARGET = 26.0;
				MARKETING_VERSION = 1.0;
				PRODUCT_BUNDLE_IDENTIFIER = com.ssathy2.BackgroundTimeExampleTests;
				PRODUCT_NAME = "$(TARGET_NAME)";
				SDKROOT = auto;
				STRING_CATALOG_GENERATE_SYMBOLS = NO;
				SUPPORTED_PLATFORMS = "iphoneos iphonesimulator macosx xros xrsimulator";
				SWIFT_APPROACHABLE_CONCURRENCY = YES;
				SWIFT_EMIT_LOC_STRINGS = NO;
				SWIFT_UPCOMING_FEATURE_MEMBER_IMPORT_VISIBILITY = YES;
				SWIFT_VERSION = 5.0;
				TARGETED_DEVICE_FAMILY = "1,2,7";
				TEST_HOST = "$(BUILT_PRODUCTS_DIR)/BackgroundTimeExample.app/$(BUNDLE_EXECUTABLE_FOLDER_PATH)/BackgroundTimeExample";
				XROS_DEPLOYMENT_TARGET = 26.0;
			};
			name = Debug;
		};
		DE48B6E12E7E614A009A676E /* Release */ = {
			isa = XCBuildConfiguration;
			buildSettings = {
				BUNDLE_LOADER = "$(TEST_HOST)";
				CODE_SIGN_STYLE = Automatic;
				CURRENT_PROJECT_VERSION = 1;
				DEVELOPMENT_TEAM = S6WS4PD5A7;
				GENERATE_INFOPLIST_FILE = YES;
				IPHONEOS_DEPLOYMENT_TARGET = 26.0;
				MACOSX_DEPLOYMENT_TARGET = 26.0;
				MARKETING_VERSION = 1.0;
				PRODUCT_BUNDLE_IDENTIFIER = com.ssathy2.BackgroundTimeExampleTests;
				PRODUCT_NAME = "$(TARGET_NAME)";
				SDKROOT = auto;
				STRING_CATALOG_GENERATE_SYMBOLS = NO;
				SUPPORTED_PLATFORMS = "iphoneos iphonesimulator macosx xros xrsimulator";
				SWIFT_APPROACHABLE_CONCURRENCY = YES;
				SWIFT_EMIT_LOC_STRINGS = NO;
				SWIFT_UPCOMING_FEATURE_MEMBER_IMPORT_VISIBILITY = YES;
				SWIFT_VERSION = 5.0;
				TARGETED_DEVICE_FAMILY = "1,2,7";
				TEST_HOST = "$(BUILT_PRODUCTS_DIR)/BackgroundTimeExample.app/$(BUNDLE_EXECUTABLE_FOLDER_PATH)/BackgroundTimeExample";
				XROS_DEPLOYMENT_TARGET = 26.0;
			};
			name = Release;
		};
		DE48B6E32E7E614A009A676E /* Debug */ = {
			isa = XCBuildConfiguration;
			buildSettings = {
				CODE_SIGN_STYLE = Automatic;
				CURRENT_PROJECT_VERSION = 1;
				DEVELOPMENT_TEAM = S6WS4PD5A7;
				GENERATE_INFOPLIST_FILE = YES;
				IPHONEOS_DEPLOYMENT_TARGET = 26.0;
				MACOSX_DEPLOYMENT_TARGET = 26.0;
				MARKETING_VERSION = 1.0;
				PRODUCT_BUNDLE_IDENTIFIER = com.ssathy2.BackgroundTimeExampleUITests;
				PRODUCT_NAME = "$(TARGET_NAME)";
				SDKROOT = auto;
				STRING_CATALOG_GENERATE_SYMBOLS = NO;
				SUPPORTED_PLATFORMS = "iphoneos iphonesimulator macosx xros xrsimulator";
				SWIFT_APPROACHABLE_CONCURRENCY = YES;
				SWIFT_EMIT_LOC_STRINGS = NO;
				SWIFT_UPCOMING_FEATURE_MEMBER_IMPORT_VISIBILITY = YES;
				SWIFT_VERSION = 5.0;
				TARGETED_DEVICE_FAMILY = "1,2,7";
				TEST_TARGET_NAME = BackgroundTimeExample;
				XROS_DEPLOYMENT_TARGET = 26.0;
			};
			name = Debug;
		};
		DE48B6E42E7E614A009A676E /* Release */ = {
			isa = XCBuildConfiguration;
			buildSettings = {
				CODE_SIGN_STYLE = Automatic;
				CURRENT_PROJECT_VERSION = 1;
				DEVELOPMENT_TEAM = S6WS4PD5A7;
				GENERATE_INFOPLIST_FILE = YES;
				IPHONEOS_DEPLOYMENT_TARGET = 26.0;
				MACOSX_DEPLOYMENT_TARGET = 26.0;
				MARKETING_VERSION = 1.0;
				PRODUCT_BUNDLE_IDENTIFIER = com.ssathy2.BackgroundTimeExampleUITests;
				PRODUCT_NAME = "$(TARGET_NAME)";
				SDKROOT = auto;
				STRING_CATALOG_GENERATE_SYMBOLS = NO;
				SUPPORTED_PLATFORMS = "iphoneos iphonesimulator macosx xros xrsimulator";
				SWIFT_APPROACHABLE_CONCURRENCY = YES;
				SWIFT_EMIT_LOC_STRINGS = NO;
				SWIFT_UPCOMING_FEATURE_MEMBER_IMPORT_VISIBILITY = YES;
				SWIFT_VERSION = 5.0;
				TARGETED_DEVICE_FAMILY = "1,2,7";
				TEST_TARGET_NAME = BackgroundTimeExample;
				XROS_DEPLOYMENT_TARGET = 26.0;
			};
			name = Release;
		};
/* End XCBuildConfiguration section */

/* Begin XCConfigurationList section */
		DE48B6982E7E6128009A676E /* Build configuration list for PBXProject "BackgroundTime" */ = {
			isa = XCConfigurationList;
			buildConfigurations = (
				DE48B6B02E7E6128009A676E /* Debug */,
				DE48B6B12E7E6128009A676E /* Release */,
			);
			defaultConfigurationIsVisible = 0;
			defaultConfigurationName = Release;
		};
		DE48B6B22E7E6128009A676E /* Build configuration list for PBXNativeTarget "BackgroundTime" */ = {
			isa = XCConfigurationList;
			buildConfigurations = (
				DE48B6B32E7E6128009A676E /* Debug */,
				DE48B6B42E7E6128009A676E /* Release */,
			);
			defaultConfigurationIsVisible = 0;
			defaultConfigurationName = Release;
		};
		DE48B6B52E7E6128009A676E /* Build configuration list for PBXNativeTarget "BackgroundTimeTests" */ = {
			isa = XCConfigurationList;
			buildConfigurations = (
				DE48B6B62E7E6128009A676E /* Debug */,
				DE48B6B72E7E6128009A676E /* Release */,
			);
			defaultConfigurationIsVisible = 0;
			defaultConfigurationName = Release;
		};
		DE48B6DC2E7E614A009A676E /* Build configuration list for PBXNativeTarget "BackgroundTimeExample" */ = {
			isa = XCConfigurationList;
			buildConfigurations = (
				DE48B6DD2E7E614A009A676E /* Debug */,
				DE48B6DE2E7E614A009A676E /* Release */,
			);
			defaultConfigurationIsVisible = 0;
			defaultConfigurationName = Release;
		};
		DE48B6DF2E7E614A009A676E /* Build configuration list for PBXNativeTarget "BackgroundTimeExampleTests" */ = {
			isa = XCConfigurationList;
			buildConfigurations = (
				DE48B6E02E7E614A009A676E /* Debug */,
				DE48B6E12E7E614A009A676E /* Release */,
			);
			defaultConfigurationIsVisible = 0;
			defaultConfigurationName = Release;
		};
		DE48B6E22E7E614A009A676E /* Build configuration list for PBXNativeTarget "BackgroundTimeExampleUITests" */ = {
			isa = XCConfigurationList;
			buildConfigurations = (
				DE48B6E32E7E614A009A676E /* Debug */,
				DE48B6E42E7E614A009A676E /* Release */,
			);
			defaultConfigurationIsVisible = 0;
			defaultConfigurationName = Release;
		};
/* End XCConfigurationList section */
	};
	rootObject = DE48B6952E7E6128009A676E /* Project object */;
}
